
Microsoft Visual Studio Solution File, Format Version 15.00
# Visual Studio 14
VisualStudioVersion = 14.0.25420.1
MinimumVisualStudioVersion = 10.0.40219.1
Project("{FAE04EC0-301F-11D3-BF4B-00C04F79EFBC}") = "InwkCodeAssignment.Tests", "InnerWorkingsCodeAssignment.xUnit.Tests\InwkCodeAssignment.Tests.csproj", "{49ACAD63-D966-4170-B587-2A60EF4F87C9}"
EndProject
Project("{FAE04EC0-301F-11D3-BF4B-00C04F79EFBC}") = "InwkCodeAssignment.Main", "InwkCodeAssignment.Main\InwkCodeAssignment.Main.csproj", "{05FBFF82-F0E0-4273-8EE2-D1D556157AB6}"
EndProject
Project("{FAE04EC0-301F-11D3-BF4B-00C04F79EFBC}") = "InwkCodeAssignment.Interfaces", "InwkCodeAssignment.Interfaces\InwkCodeAssignment.Interfaces.csproj", "{F27D7F97-A768-4F27-9D47-D4F19C66C39A}"
EndProject
Global
	GlobalSection(SolutionConfigurationPlatforms) = preSolution
		Debug|Any CPU = Debug|Any CPU
		Release|Any CPU = Release|Any CPU
	EndGlobalSection
	GlobalSection(ProjectConfigurationPlatforms) = postSolution
		{49ACAD63-D966-4170-B587-2A60EF4F87C9}.Debug|Any CPU.ActiveCfg = Debug|Any CPU
		{49ACAD63-D966-4170-B587-2A60EF4F87C9}.Debug|Any CPU.Build.0 = Debug|Any CPU
		{49ACAD63-D966-4170-B587-2A60EF4F87C9}.Release|Any CPU.ActiveCfg = Release|Any CPU
		{49ACAD63-D966-4170-B587-2A60EF4F87C9}.Release|Any CPU.Build.0 = Release|Any CPU
		{05FBFF82-F0E0-4273-8EE2-D1D556157AB6}.Debug|Any CPU.ActiveCfg = Debug|Any CPU
		{05FBFF82-F0E0-4273-8EE2-D1D556157AB6}.Debug|Any CPU.Build.0 = Debug|Any CPU
		{05FBFF82-F0E0-4273-8EE2-D1D556157AB6}.Release|Any CPU.ActiveCfg = Release|Any CPU
		{05FBFF82-F0E0-4273-8EE2-D1D556157AB6}.Release|Any CPU.Build.0 = Release|Any CPU
		{F27D7F97-A768-4F27-9D47-D4F19C66C39A}.Debug|Any CPU.ActiveCfg = Debug|Any CPU
		{F27D7F97-A768-4F27-9D47-D4F19C66C39A}.Debug|Any CPU.Build.0 = Debug|Any CPU
		{F27D7F97-A768-4F27-9D47-D4F19C66C39A}.Release|Any CPU.ActiveCfg = Release|Any CPU
		{F27D7F97-A768-4F27-9D47-D4F19C66C39A}.Release|Any CPU.Build.0 = Release|Any CPU
	EndGlobalSection
	GlobalSection(SolutionProperties) = preSolution
		HideSolutionNode = FALSE
	EndGlobalSection
EndGlobal
